
Microsoft Visual Studio Solution File, Format Version 12.00
# Visual Studio Version 17
VisualStudioVersion = 17.7.34031.279
MinimumVisualStudioVersion = 10.0.40219.1
Project("{FAE04EC0-301F-11D3-BF4B-00C04F79EFBC}") = "Pegasus.API", "Pegasus.API\Pegasus.API.csproj", "{1458D677-C940-4739-AEB7-4F5F847D983A}"
EndProject
Global
	GlobalSection(SolutionConfigurationPlatforms) = preSolution
		Debug|Any CPU = Debug|Any CPU
		Release|Any CPU = Release|Any CPU
	EndGlobalSection
	GlobalSection(ProjectConfigurationPlatforms) = postSolution
		{1458D677-C940-4739-AEB7-4F5F847D983A}.Debug|Any CPU.ActiveCfg = Debug|Any CPU
		{1458D677-C940-4739-AEB7-4F5F847D983A}.Debug|Any CPU.Build.0 = Debug|Any CPU
		{1458D677-C940-4739-AEB7-4F5F847D983A}.Release|Any CPU.ActiveCfg = Release|Any CPU
		{1458D677-C940-4739-AEB7-4F5F847D983A}.Release|Any CPU.Build.0 = Release|Any CPU
	EndGlobalSection
	GlobalSection(SolutionProperties) = preSolution
		HideSolutionNode = FALSE
	EndGlobalSection
	GlobalSection(ExtensibilityGlobals) = postSolution
		SolutionGuid = {1B1689D9-F2BF-4760-88FF-1953F73E0A2D}
	EndGlobalSection
EndGlobal
